
Microsoft Visual Studio Solution File, Format Version 12.00
# Visual Studio Version 16
VisualStudioVersion = 25.0.1704.2
MinimumVisualStudioVersion = 10.0.40219.1
Project("{2150E333-8FDC-42A3-9474-1A3956D46DE8}") = "Services", "Services", "{6910FD23-89E2-4709-9867-8DB284A487AD}"
EndProject
Project("{2150E333-8FDC-42A3-9474-1A3956D46DE8}") = "Catalog", "Catalog", "{9E435C9E-07AD-4807-922B-4FCB28A15AFB}"
EndProject
Project("{FAE04EC0-301F-11D3-BF4B-00C04F79EFBC}") = "SharpCourse.Services.Catalog", "Services\Catalog\SharpCourse.Services.Catalog\SharpCourse.Services.Catalog.csproj", "{CBED3C80-32CE-4D89-B76D-1441A8DC8753}"
EndProject
Project("{2150E333-8FDC-42A3-9474-1A3956D46DE8}") = "Solution Items", "Solution Items", "{1DC21B0D-5B99-414E-B7C0-7EB6717FDE5F}"
	ProjectSection(SolutionItems) = preProject
		Ports.txt = Ports.txt
	EndProjectSection
EndProject
Project("{2150E333-8FDC-42A3-9474-1A3956D46DE8}") = "Shared", "Shared", "{268928C9-F760-4AFE-BBF8-8F960991FCBB}"
EndProject
Project("{FAE04EC0-301F-11D3-BF4B-00C04F79EFBC}") = "Sharp.Shared", "Shared\Sharp.Shared\Sharp.Shared.csproj", "{10A29D51-DE1A-49F9-8F13-A1ED791FFFD2}"
EndProject
Global
	GlobalSection(SolutionConfigurationPlatforms) = preSolution
		Debug|Any CPU = Debug|Any CPU
		Release|Any CPU = Release|Any CPU
	EndGlobalSection
	GlobalSection(ProjectConfigurationPlatforms) = postSolution
		{CBED3C80-32CE-4D89-B76D-1441A8DC8753}.Debug|Any CPU.ActiveCfg = Debug|Any CPU
		{CBED3C80-32CE-4D89-B76D-1441A8DC8753}.Debug|Any CPU.Build.0 = Debug|Any CPU
		{CBED3C80-32CE-4D89-B76D-1441A8DC8753}.Release|Any CPU.ActiveCfg = Release|Any CPU
		{CBED3C80-32CE-4D89-B76D-1441A8DC8753}.Release|Any CPU.Build.0 = Release|Any CPU
		{10A29D51-DE1A-49F9-8F13-A1ED791FFFD2}.Debug|Any CPU.ActiveCfg = Debug|Any CPU
		{10A29D51-DE1A-49F9-8F13-A1ED791FFFD2}.Debug|Any CPU.Build.0 = Debug|Any CPU
		{10A29D51-DE1A-49F9-8F13-A1ED791FFFD2}.Release|Any CPU.ActiveCfg = Release|Any CPU
		{10A29D51-DE1A-49F9-8F13-A1ED791FFFD2}.Release|Any CPU.Build.0 = Release|Any CPU
	EndGlobalSection
	GlobalSection(SolutionProperties) = preSolution
		HideSolutionNode = FALSE
	EndGlobalSection
	GlobalSection(ExtensibilityGlobals) = postSolution
		SolutionGuid = {3B3C7552-65C0-4C2E-9BC3-562C791C71F6}
	EndGlobalSection
	GlobalSection(NestedProjects) = preSolution
		{9E435C9E-07AD-4807-922B-4FCB28A15AFB} = {6910FD23-89E2-4709-9867-8DB284A487AD}
		{CBED3C80-32CE-4D89-B76D-1441A8DC8753} = {9E435C9E-07AD-4807-922B-4FCB28A15AFB}
		{10A29D51-DE1A-49F9-8F13-A1ED791FFFD2} = {268928C9-F760-4AFE-BBF8-8F960991FCBB}
	EndGlobalSection
EndGlobal
